// !$*UTF8*$!
{
	archiveVersion = 1;
	classes = {
	};
	objectVersion = 56;
	objects = {

/* Begin PBXBuildFile section */
		C6EAC7A029D9B7F400593FAB /* SceneDelegate.swift in Sources */ = {isa = PBXBuildFile; fileRef = C6F1891029D9AB78009FFD59 /* SceneDelegate.swift */; };
		C6EAC7A429D9B83800593FAB /* MainController.swift in Sources */ = {isa = PBXBuildFile; fileRef = C6EAC7A329D9B83800593FAB /* MainController.swift */; };
		C6EAC7B729D9B89F00593FAB /* SecondClosureController.swift in Sources */ = {isa = PBXBuildFile; fileRef = C6EAC7A729D9B89F00593FAB /* SecondClosureController.swift */; };
		C6EAC7B829D9B89F00593FAB /* ClosureController.swift in Sources */ = {isa = PBXBuildFile; fileRef = C6EAC7A829D9B89F00593FAB /* ClosureController.swift */; };
		C6EAC7B929D9B89F00593FAB /* SecondPropertyController.swift in Sources */ = {isa = PBXBuildFile; fileRef = C6EAC7AA29D9B89F00593FAB /* SecondPropertyController.swift */; };
		C6EAC7BA29D9B89F00593FAB /* PropertyController.swift in Sources */ = {isa = PBXBuildFile; fileRef = C6EAC7AB29D9B89F00593FAB /* PropertyController.swift */; };
		C6EAC7BB29D9B89F00593FAB /* SecondSegueController.swift in Sources */ = {isa = PBXBuildFile; fileRef = C6EAC7AD29D9B89F00593FAB /* SecondSegueController.swift */; };
		C6EAC7BC29D9B89F00593FAB /* SegueController.swift in Sources */ = {isa = PBXBuildFile; fileRef = C6EAC7AE29D9B89F00593FAB /* SegueController.swift */; };
		C6EAC7BD29D9B89F00593FAB /* SecondDelegateController.swift in Sources */ = {isa = PBXBuildFile; fileRef = C6EAC7B029D9B89F00593FAB /* SecondDelegateController.swift */; };
		C6EAC7BE29D9B89F00593FAB /* DelegateController.swift in Sources */ = {isa = PBXBuildFile; fileRef = C6EAC7B129D9B89F00593FAB /* DelegateController.swift */; };
		C6EAC7BF29D9B89F00593FAB /* DataUpdateProtocol.swift in Sources */ = {isa = PBXBuildFile; fileRef = C6EAC7B229D9B89F00593FAB /* DataUpdateProtocol.swift */; };
		C6EAC7C029D9B89F00593FAB /* UnwindSegueController.swift in Sources */ = {isa = PBXBuildFile; fileRef = C6EAC7B429D9B89F00593FAB /* UnwindSegueController.swift */; };
		C6EAC7C229D9B89F00593FAB /* SecondUnwindSegueController.swift in Sources */ = {isa = PBXBuildFile; fileRef = C6EAC7B629D9B89F00593FAB /* SecondUnwindSegueController.swift */; };
		C6F1890F29D9AB78009FFD59 /* AppDelegate.swift in Sources */ = {isa = PBXBuildFile; fileRef = C6F1890E29D9AB78009FFD59 /* AppDelegate.swift */; };
		C6F1891629D9AB78009FFD59 /* Main.storyboard in Resources */ = {isa = PBXBuildFile; fileRef = C6F1891429D9AB78009FFD59 /* Main.storyboard */; };
		C6F1891829D9AB79009FFD59 /* Assets.xcassets in Resources */ = {isa = PBXBuildFile; fileRef = C6F1891729D9AB79009FFD59 /* Assets.xcassets */; };
		C6F1891B29D9AB79009FFD59 /* LaunchScreen.storyboard in Resources */ = {isa = PBXBuildFile; fileRef = C6F1891929D9AB79009FFD59 /* LaunchScreen.storyboard */; };
/* End PBXBuildFile section */

/* Begin PBXFileReference section */
		C6EAC7A329D9B83800593FAB /* MainController.swift */ = {isa = PBXFileReference; fileEncoding = 4; lastKnownFileType = sourcecode.swift; path = MainController.swift; sourceTree = "<group>"; };
		C6EAC7A729D9B89F00593FAB /* SecondClosureController.swift */ = {isa = PBXFileReference; fileEncoding = 4; lastKnownFileType = sourcecode.swift; path = SecondClosureController.swift; sourceTree = "<group>"; };
		C6EAC7A829D9B89F00593FAB /* ClosureController.swift */ = {isa = PBXFileReference; fileEncoding = 4; lastKnownFileType = sourcecode.swift; path = ClosureController.swift; sourceTree = "<group>"; };
		C6EAC7AA29D9B89F00593FAB /* SecondPropertyController.swift */ = {isa = PBXFileReference; fileEncoding = 4; lastKnownFileType = sourcecode.swift; path = SecondPropertyController.swift; sourceTree = "<group>"; };
		C6EAC7AB29D9B89F00593FAB /* PropertyController.swift */ = {isa = PBXFileReference; fileEncoding = 4; lastKnownFileType = sourcecode.swift; path = PropertyController.swift; sourceTree = "<group>"; };
		C6EAC7AD29D9B89F00593FAB /* SecondSegueController.swift */ = {isa = PBXFileReference; fileEncoding = 4; lastKnownFileType = sourcecode.swift; path = SecondSegueController.swift; sourceTree = "<group>"; };
		C6EAC7AE29D9B89F00593FAB /* SegueController.swift */ = {isa = PBXFileReference; fileEncoding = 4; lastKnownFileType = sourcecode.swift; path = SegueController.swift; sourceTree = "<group>"; };
		C6EAC7B029D9B89F00593FAB /* SecondDelegateController.swift */ = {isa = PBXFileReference; fileEncoding = 4; lastKnownFileType = sourcecode.swift; path = SecondDelegateController.swift; sourceTree = "<group>"; };
		C6EAC7B129D9B89F00593FAB /* DelegateController.swift */ = {isa = PBXFileReference; fileEncoding = 4; lastKnownFileType = sourcecode.swift; path = DelegateController.swift; sourceTree = "<group>"; };
		C6EAC7B229D9B89F00593FAB /* DataUpdateProtocol.swift */ = {isa = PBXFileReference; fileEncoding = 4; lastKnownFileType = sourcecode.swift; path = DataUpdateProtocol.swift; sourceTree = "<group>"; };
		C6EAC7B429D9B89F00593FAB /* UnwindSegueController.swift */ = {isa = PBXFileReference; fileEncoding = 4; lastKnownFileType = sourcecode.swift; path = UnwindSegueController.swift; sourceTree = "<group>"; };
		C6EAC7B629D9B89F00593FAB /* SecondUnwindSegueController.swift */ = {isa = PBXFileReference; fileEncoding = 4; lastKnownFileType = sourcecode.swift; path = SecondUnwindSegueController.swift; sourceTree = "<group>"; };
		C6F1890B29D9AB78009FFD59 /* DataTransfer-Methods.app */ = {isa = PBXFileReference; explicitFileType = wrapper.application; includeInIndex = 0; path = "DataTransfer-Methods.app"; sourceTree = BUILT_PRODUCTS_DIR; };
		C6F1890E29D9AB78009FFD59 /* AppDelegate.swift */ = {isa = PBXFileReference; lastKnownFileType = sourcecode.swift; path = AppDelegate.swift; sourceTree = "<group>"; };
		C6F1891029D9AB78009FFD59 /* SceneDelegate.swift */ = {isa = PBXFileReference; lastKnownFileType = sourcecode.swift; path = SceneDelegate.swift; sourceTree = "<group>"; };
		C6F1891529D9AB78009FFD59 /* Base */ = {isa = PBXFileReference; lastKnownFileType = file.storyboard; name = Base; path = Base.lproj/Main.storyboard; sourceTree = "<group>"; };
		C6F1891729D9AB79009FFD59 /* Assets.xcassets */ = {isa = PBXFileReference; lastKnownFileType = folder.assetcatalog; path = Assets.xcassets; sourceTree = "<group>"; };
		C6F1891A29D9AB79009FFD59 /* Base */ = {isa = PBXFileReference; lastKnownFileType = file.storyboard; name = Base; path = Base.lproj/LaunchScreen.storyboard; sourceTree = "<group>"; };
		C6F1891C29D9AB79009FFD59 /* Info.plist */ = {isa = PBXFileReference; lastKnownFileType = text.plist.xml; path = Info.plist; sourceTree = "<group>"; };
/* End PBXFileReference section */

/* Begin PBXFrameworksBuildPhase section */
		C6F1890829D9AB78009FFD59 /* Frameworks */ = {
			isa = PBXFrameworksBuildPhase;
			buildActionMask = 2147483647;
			files = (
			);
			runOnlyForDeploymentPostprocessing = 0;
		};
/* End PBXFrameworksBuildPhase section */

/* Begin PBXGroup section */
		C6EAC7A529D9B89F00593FAB /* Controllers */ = {
			isa = PBXGroup;
			children = (
				C6EAC7A329D9B83800593FAB /* MainController.swift */,
				C6EAC7A629D9B89F00593FAB /* ClosureControllers */,
				C6EAC7A929D9B89F00593FAB /* PropertyControllers */,
				C6EAC7AC29D9B89F00593FAB /* SegueControllers */,
				C6EAC7AF29D9B89F00593FAB /* DelegateControllers */,
				C6EAC7B329D9B89F00593FAB /* UnwindSegueControllers */,
			);
			path = Controllers;
			sourceTree = "<group>";
		};
		C6EAC7A629D9B89F00593FAB /* ClosureControllers */ = {
			isa = PBXGroup;
			children = (
				C6EAC7A729D9B89F00593FAB /* SecondClosureController.swift */,
				C6EAC7A829D9B89F00593FAB /* ClosureController.swift */,
			);
			path = ClosureControllers;
			sourceTree = "<group>";
		};
		C6EAC7A929D9B89F00593FAB /* PropertyControllers */ = {
			isa = PBXGroup;
			children = (
				C6EAC7AA29D9B89F00593FAB /* SecondPropertyController.swift */,
				C6EAC7AB29D9B89F00593FAB /* PropertyController.swift */,
			);
			path = PropertyControllers;
			sourceTree = "<group>";
		};
		C6EAC7AC29D9B89F00593FAB /* SegueControllers */ = {
			isa = PBXGroup;
			children = (
				C6EAC7AD29D9B89F00593FAB /* SecondSegueController.swift */,
				C6EAC7AE29D9B89F00593FAB /* SegueController.swift */,
			);
			path = SegueControllers;
			sourceTree = "<group>";
		};
		C6EAC7AF29D9B89F00593FAB /* DelegateControllers */ = {
			isa = PBXGroup;
			children = (
				C6EAC7B029D9B89F00593FAB /* SecondDelegateController.swift */,
				C6EAC7B129D9B89F00593FAB /* DelegateController.swift */,
				C6EAC7B229D9B89F00593FAB /* DataUpdateProtocol.swift */,
			);
			path = DelegateControllers;
			sourceTree = "<group>";
		};
		C6EAC7B329D9B89F00593FAB /* UnwindSegueControllers */ = {
			isa = PBXGroup;
			children = (
				C6EAC7B429D9B89F00593FAB /* UnwindSegueController.swift */,
				C6EAC7B629D9B89F00593FAB /* SecondUnwindSegueController.swift */,
			);
			path = UnwindSegueControllers;
			sourceTree = "<group>";
		};
		C6F1890229D9AB78009FFD59 = {
			isa = PBXGroup;
			children = (
				C6F1890D29D9AB78009FFD59 /* DataTransfer-Methods */,
				C6F1890C29D9AB78009FFD59 /* Products */,
			);
			sourceTree = "<group>";
		};
		C6F1890C29D9AB78009FFD59 /* Products */ = {
			isa = PBXGroup;
			children = (
				C6F1890B29D9AB78009FFD59 /* DataTransfer-Methods.app */,
			);
			name = Products;
			sourceTree = "<group>";
		};
		C6F1890D29D9AB78009FFD59 /* DataTransfer-Methods */ = {
			isa = PBXGroup;
			children = (
				C6F1890E29D9AB78009FFD59 /* AppDelegate.swift */,
				C6F1891029D9AB78009FFD59 /* SceneDelegate.swift */,
				C6F1891429D9AB78009FFD59 /* Main.storyboard */,
				C6F1891729D9AB79009FFD59 /* Assets.xcassets */,
				C6F1891929D9AB79009FFD59 /* LaunchScreen.storyboard */,
				C6F1891C29D9AB79009FFD59 /* Info.plist */,
				C6EAC7A529D9B89F00593FAB /* Controllers */,
			);
			path = "DataTransfer-Methods";
			sourceTree = "<group>";
		};
/* End PBXGroup section */

/* Begin PBXNativeTarget section */
		C6F1890A29D9AB78009FFD59 /* DataTransfer-Methods */ = {
			isa = PBXNativeTarget;
			buildConfigurationList = C6F1891F29D9AB79009FFD59 /* Build configuration list for PBXNativeTarget "DataTransfer-Methods" */;
			buildPhases = (
				C6F1890729D9AB78009FFD59 /* Sources */,
				C6F1890829D9AB78009FFD59 /* Frameworks */,
				C6F1890929D9AB78009FFD59 /* Resources */,
			);
			buildRules = (
			);
			dependencies = (
			);
			name = "DataTransfer-Methods";
			productName = "DataTransfer-Methods";
			productReference = C6F1890B29D9AB78009FFD59 /* DataTransfer-Methods.app */;
			productType = "com.apple.product-type.application";
		};
/* End PBXNativeTarget section */

/* Begin PBXProject section */
		C6F1890329D9AB78009FFD59 /* Project object */ = {
			isa = PBXProject;
			attributes = {
				BuildIndependentTargetsInParallel = 1;
				LastSwiftUpdateCheck = 1430;
				LastUpgradeCheck = 1430;
				TargetAttributes = {
					C6F1890A29D9AB78009FFD59 = {
						CreatedOnToolsVersion = 14.3;
					};
				};
			};
			buildConfigurationList = C6F1890629D9AB78009FFD59 /* Build configuration list for PBXProject "DataTransfer-Methods" */;
			compatibilityVersion = "Xcode 14.0";
			developmentRegion = en;
			hasScannedForEncodings = 0;
			knownRegions = (
				en,
				Base,
			);
			mainGroup = C6F1890229D9AB78009FFD59;
			productRefGroup = C6F1890C29D9AB78009FFD59 /* Products */;
			projectDirPath = "";
			projectRoot = "";
			targets = (
				C6F1890A29D9AB78009FFD59 /* DataTransfer-Methods */,
			);
		};
/* End PBXProject section */

/* Begin PBXResourcesBuildPhase section */
		C6F1890929D9AB78009FFD59 /* Resources */ = {
			isa = PBXResourcesBuildPhase;
			buildActionMask = 2147483647;
			files = (
				C6F1891B29D9AB79009FFD59 /* LaunchScreen.storyboard in Resources */,
				C6F1891829D9AB79009FFD59 /* Assets.xcassets in Resources */,
				C6F1891629D9AB78009FFD59 /* Main.storyboard in Resources */,
			);
			runOnlyForDeploymentPostprocessing = 0;
		};
/* End PBXResourcesBuildPhase section */

/* Begin PBXSourcesBuildPhase section */
		C6F1890729D9AB78009FFD59 /* Sources */ = {
			isa = PBXSourcesBuildPhase;
			buildActionMask = 2147483647;
			files = (
				C6EAC7BD29D9B89F00593FAB /* SecondDelegateController.swift in Sources */,
				C6EAC7B929D9B89F00593FAB /* SecondPropertyController.swift in Sources */,
				C6EAC7BA29D9B89F00593FAB /* PropertyController.swift in Sources */,
				C6EAC7C029D9B89F00593FAB /* UnwindSegueController.swift in Sources */,
				C6EAC7B829D9B89F00593FAB /* ClosureController.swift in Sources */,
				C6EAC7A029D9B7F400593FAB /* SceneDelegate.swift in Sources */,
				C6EAC7B729D9B89F00593FAB /* SecondClosureController.swift in Sources */,
				C6EAC7BF29D9B89F00593FAB /* DataUpdateProtocol.swift in Sources */,
				C6EAC7A429D9B83800593FAB /* MainController.swift in Sources */,
				C6F1890F29D9AB78009FFD59 /* AppDelegate.swift in Sources */,
				C6EAC7C229D9B89F00593FAB /* SecondUnwindSegueController.swift in Sources */,
				C6EAC7BC29D9B89F00593FAB /* SegueController.swift in Sources */,
				C6EAC7BB29D9B89F00593FAB /* SecondSegueController.swift in Sources */,
				C6EAC7BE29D9B89F00593FAB /* DelegateController.swift in Sources */,
			);
			runOnlyForDeploymentPostprocessing = 0;
		};
/* End PBXSourcesBuildPhase section */

/* Begin PBXVariantGroup section */
		C6F1891429D9AB78009FFD59 /* Main.storyboard */ = {
			isa = PBXVariantGroup;
			children = (
				C6F1891529D9AB78009FFD59 /* Base */,
			);
			name = Main.storyboard;
			sourceTree = "<group>";
		};
		C6F1891929D9AB79009FFD59 /* LaunchScreen.storyboard */ = {
			isa = PBXVariantGroup;
			children = (
				C6F1891A29D9AB79009FFD59 /* Base */,
			);
			name = LaunchScreen.storyboard;
			sourceTree = "<group>";
		};
/* End PBXVariantGroup section */

/* Begin XCBuildConfiguration section */
		C6F1891D29D9AB79009FFD59 /* Debug */ = {
			isa = XCBuildConfiguration;
			buildSettings = {
				ALWAYS_SEARCH_USER_PATHS = NO;
				CLANG_ANALYZER_NONNULL = YES;
				CLANG_ANALYZER_NUMBER_OBJECT_CONVERSION = YES_AGGRESSIVE;
				CLANG_CXX_LANGUAGE_STANDARD = "gnu++20";
				CLANG_ENABLE_MODULES = YES;
				CLANG_ENABLE_OBJC_ARC = YES;
				CLANG_ENABLE_OBJC_WEAK = YES;
				CLANG_WARN_BLOCK_CAPTURE_AUTORELEASING = YES;
				CLANG_WARN_BOOL_CONVERSION = YES;
				CLANG_WARN_COMMA = YES;
				CLANG_WARN_CONSTANT_CONVERSION = YES;
				CLANG_WARN_DEPRECATED_OBJC_IMPLEMENTATIONS = YES;
				CLANG_WARN_DIRECT_OBJC_ISA_USAGE = YES_ERROR;
				CLANG_WARN_DOCUMENTATION_COMMENTS = YES;
				CLANG_WARN_EMPTY_BODY = YES;
				CLANG_WARN_ENUM_CONVERSION = YES;
				CLANG_WARN_INFINITE_RECURSION = YES;
				CLANG_WARN_INT_CONVERSION = YES;
				CLANG_WARN_NON_LITERAL_NULL_CONVERSION = YES;
				CLANG_WARN_OBJC_IMPLICIT_RETAIN_SELF = YES;
				CLANG_WARN_OBJC_LITERAL_CONVERSION = YES;
				CLANG_WARN_OBJC_ROOT_CLASS = YES_ERROR;
				CLANG_WARN_QUOTED_INCLUDE_IN_FRAMEWORK_HEADER = YES;
				CLANG_WARN_RANGE_LOOP_ANALYSIS = YES;
				CLANG_WARN_STRICT_PROTOTYPES = YES;
				CLANG_WARN_SUSPICIOUS_MOVE = YES;
				CLANG_WARN_UNGUARDED_AVAILABILITY = YES_AGGRESSIVE;
				CLANG_WARN_UNREACHABLE_CODE = YES;
				CLANG_WARN__DUPLICATE_METHOD_MATCH = YES;
				COPY_PHASE_STRIP = NO;
				DEBUG_INFORMATION_FORMAT = dwarf;
				ENABLE_STRICT_OBJC_MSGSEND = YES;
				ENABLE_TESTABILITY = YES;
				GCC_C_LANGUAGE_STANDARD = gnu11;
				GCC_DYNAMIC_NO_PIC = NO;
				GCC_NO_COMMON_BLOCKS = YES;
				GCC_OPTIMIZATION_LEVEL = 0;
				GCC_PREPROCESSOR_DEFINITIONS = (
					"DEBUG=1",
					"$(inherited)",
				);
				GCC_WARN_64_TO_32_BIT_CONVERSION = YES;
				GCC_WARN_ABOUT_RETURN_TYPE = YES_ERROR;
				GCC_WARN_UNDECLARED_SELECTOR = YES;
				GCC_WARN_UNINITIALIZED_AUTOS = YES_AGGRESSIVE;
				GCC_WARN_UNUSED_FUNCTION = YES;
				GCC_WARN_UNUSED_VARIABLE = YES;
				IPHONEOS_DEPLOYMENT_TARGET = 16.4;
				MTL_ENABLE_DEBUG_INFO = INCLUDE_SOURCE;
				MTL_FAST_MATH = YES;
				ONLY_ACTIVE_ARCH = YES;
				SDKROOT = iphoneos;
				SWIFT_ACTIVE_COMPILATION_CONDITIONS = DEBUG;
				SWIFT_OPTIMIZATION_LEVEL = "-Onone";
			};
			name = Debug;
		};
		C6F1891E29D9AB79009FFD59 /* Release */ = {
			isa = XCBuildConfiguration;
			buildSettings = {
				ALWAYS_SEARCH_USER_PATHS = NO;
				CLANG_ANALYZER_NONNULL = YES;
				CLANG_ANALYZER_NUMBER_OBJECT_CONVERSION = YES_AGGRESSIVE;
				CLANG_CXX_LANGUAGE_STANDARD = "gnu++20";
				CLANG_ENABLE_MODULES = YES;
				CLANG_ENABLE_OBJC_ARC = YES;
				CLANG_ENABLE_OBJC_WEAK = YES;
				CLANG_WARN_BLOCK_CAPTURE_AUTORELEASING = YES;
				CLANG_WARN_BOOL_CONVERSION = YES;
				CLANG_WARN_COMMA = YES;
				CLANG_WARN_CONSTANT_CONVERSION = YES;
				CLANG_WARN_DEPRECATED_OBJC_IMPLEMENTATIONS = YES;
				CLANG_WARN_DIRECT_OBJC_ISA_USAGE = YES_ERROR;
				CLANG_WARN_DOCUMENTATION_COMMENTS = YES;
				CLANG_WARN_EMPTY_BODY = YES;
				CLANG_WARN_ENUM_CONVERSION = YES;
				CLANG_WARN_INFINITE_RECURSION = YES;
				CLANG_WARN_INT_CONVERSION = YES;
				CLANG_WARN_NON_LITERAL_NULL_CONVERSION = YES;
				CLANG_WARN_OBJC_IMPLICIT_RETAIN_SELF = YES;
				CLANG_WARN_OBJC_LITERAL_CONVERSION = YES;
				CLANG_WARN_OBJC_ROOT_CLASS = YES_ERROR;
				CLANG_WARN_QUOTED_INCLUDE_IN_FRAMEWORK_HEADER = YES;
				CLANG_WARN_RANGE_LOOP_ANALYSIS = YES;
				CLANG_WARN_STRICT_PROTOTYPES = YES;
				CLANG_WARN_SUSPICIOUS_MOVE = YES;
				CLANG_WARN_UNGUARDED_AVAILABILITY = YES_AGGRESSIVE;
				CLANG_WARN_UNREACHABLE_CODE = YES;
				CLANG_WARN__DUPLICATE_METHOD_MATCH = YES;
				COPY_PHASE_STRIP = NO;
				DEBUG_INFORMATION_FORMAT = "dwarf-with-dsym";
				ENABLE_NS_ASSERTIONS = NO;
				ENABLE_STRICT_OBJC_MSGSEND = YES;
				GCC_C_LANGUAGE_STANDARD = gnu11;
				GCC_NO_COMMON_BLOCKS = YES;
				GCC_WARN_64_TO_32_BIT_CONVERSION = YES;
				GCC_WARN_ABOUT_RETURN_TYPE = YES_ERROR;
				GCC_WARN_UNDECLARED_SELECTOR = YES;
				GCC_WARN_UNINITIALIZED_AUTOS = YES_AGGRESSIVE;
				GCC_WARN_UNUSED_FUNCTION = YES;
				GCC_WARN_UNUSED_VARIABLE = YES;
				IPHONEOS_DEPLOYMENT_TARGET = 16.4;
				MTL_ENABLE_DEBUG_INFO = NO;
				MTL_FAST_MATH = YES;
				SDKROOT = iphoneos;
				SWIFT_COMPILATION_MODE = wholemodule;
				SWIFT_OPTIMIZATION_LEVEL = "-O";
				VALIDATE_PRODUCT = YES;
			};
			name = Release;
		};
		C6F1892029D9AB79009FFD59 /* Debug */ = {
			isa = XCBuildConfiguration;
			buildSettings = {
				ASSETCATALOG_COMPILER_APPICON_NAME = AppIcon;
				ASSETCATALOG_COMPILER_GLOBAL_ACCENT_COLOR_NAME = AccentColor;
				CODE_SIGN_STYLE = Automatic;
				CURRENT_PROJECT_VERSION = 1;
				DEVELOPMENT_TEAM = 69M929ZQ47;
				GENERATE_INFOPLIST_FILE = YES;
				INFOPLIST_FILE = "DataTransfer-Methods/Info.plist";
				INFOPLIST_KEY_UIApplicationSupportsIndirectInputEvents = YES;
				INFOPLIST_KEY_UILaunchStoryboardName = LaunchScreen;
				INFOPLIST_KEY_UIMainStoryboardFile = Main;
				INFOPLIST_KEY_UISupportedInterfaceOrientations_iPad = "UIInterfaceOrientationPortrait UIInterfaceOrientationPortraitUpsideDown UIInterfaceOrientationLandscapeLeft UIInterfaceOrientationLandscapeRight";
				INFOPLIST_KEY_UISupportedInterfaceOrientations_iPhone = "UIInterfaceOrientationPortrait UIInterfaceOrientationLandscapeLeft UIInterfaceOrientationLandscapeRight";
				LD_RUNPATH_SEARCH_PATHS = (
					"$(inherited)",
					"@executable_path/Frameworks",
				);
				MARKETING_VERSION = 1.0;
				PRODUCT_BUNDLE_IDENTIFIER = "com.uk-servers.DataTransfer-Methods";
				PRODUCT_NAME = "$(TARGET_NAME)";
				SWIFT_EMIT_LOC_STRINGS = YES;
				SWIFT_VERSION = 5.0;
				TARGETED_DEVICE_FAMILY = "1,2";
			};
			name = Debug;
		};
		C6F1892129D9AB79009FFD59 /* Release */ = {
			isa = XCBuildConfiguration;
			buildSettings = {
				ASSETCATALOG_COMPILER_APPICON_NAME = AppIcon;
				ASSETCATALOG_COMPILER_GLOBAL_ACCENT_COLOR_NAME = AccentColor;
				CODE_SIGN_STYLE = Automatic;
				CURRENT_PROJECT_VERSION = 1;
				DEVELOPMENT_TEAM = 69M929ZQ47;
				GENERATE_INFOPLIST_FILE = YES;
				INFOPLIST_FILE = "DataTransfer-Methods/Info.plist";
				INFOPLIST_KEY_UIApplicationSupportsIndirectInputEvents = YES;
				INFOPLIST_KEY_UILaunchStoryboardName = LaunchScreen;
				INFOPLIST_KEY_UIMainStoryboardFile = Main;
				INFOPLIST_KEY_UISupportedInterfaceOrientations_iPad = "UIInterfaceOrientationPortrait UIInterfaceOrientationPortraitUpsideDown UIInterfaceOrientationLandscapeLeft UIInterfaceOrientationLandscapeRight";
				INFOPLIST_KEY_UISupportedInterfaceOrientations_iPhone = "UIInterfaceOrientationPortrait UIInterfaceOrientationLandscapeLeft UIInterfaceOrientationLandscapeRight";
				LD_RUNPATH_SEARCH_PATHS = (
					"$(inherited)",
					"@executable_path/Frameworks",
				);
				MARKETING_VERSION = 1.0;
				PRODUCT_BUNDLE_IDENTIFIER = "com.uk-servers.DataTransfer-Methods";
				PRODUCT_NAME = "$(TARGET_NAME)";
				SWIFT_EMIT_LOC_STRINGS = YES;
				SWIFT_VERSION = 5.0;
				TARGETED_DEVICE_FAMILY = "1,2";
			};
			name = Release;
		};
/* End XCBuildConfiguration section */

/* Begin XCConfigurationList section */
		C6F1890629D9AB78009FFD59 /* Build configuration list for PBXProject "DataTransfer-Methods" */ = {
			isa = XCConfigurationList;
			buildConfigurations = (
				C6F1891D29D9AB79009FFD59 /* Debug */,
				C6F1891E29D9AB79009FFD59 /* Release */,
			);
			defaultConfigurationIsVisible = 0;
			defaultConfigurationName = Release;
		};
		C6F1891F29D9AB79009FFD59 /* Build configuration list for PBXNativeTarget "DataTransfer-Methods" */ = {
			isa = XCConfigurationList;
			buildConfigurations = (
				C6F1892029D9AB79009FFD59 /* Debug */,
				C6F1892129D9AB79009FFD59 /* Release */,
			);
			defaultConfigurationIsVisible = 0;
			defaultConfigurationName = Release;
		};
/* End XCConfigurationList section */
	};
	rootObject = C6F1890329D9AB78009FFD59 /* Project object */;
}
